
Microsoft Visual Studio Solution File, Format Version 12.00
# Visual Studio 14
VisualStudioVersion = 14.0.24720.0
MinimumVisualStudioVersion = 10.0.40219.1
Project("{FAE04EC0-301F-11D3-BF4B-00C04F79EFBC}") = "TPTCafeUniversity Server", "TPTCafeUniversity Server\TPTCafeUniversity Server.csproj", "{4F378218-7827-48D3-A01E-6D3DEF0666BC}"
EndProject
Project("{FAE04EC0-301F-11D3-BF4B-00C04F79EFBC}") = "TPTCafeUniversity Client", "TPTCafeUniversity Client\TPTCafeUniversity Client.csproj", "{44D885FF-6412-48CC-A0F7-4C668DEE0C4C}"
EndProject
Project("{FAE04EC0-301F-11D3-BF4B-00C04F79EFBC}") = "TPTCafeUniversityLibrary", "TPTCafeUniversityLibrary\TPTCafeUniversityLibrary.csproj", "{16964D74-DFBB-419F-9538-35F5E58466C0}"
EndProject
Global
	GlobalSection(SolutionConfigurationPlatforms) = preSolution
		Debug|Any CPU = Debug|Any CPU
		Release|Any CPU = Release|Any CPU
	EndGlobalSection
	GlobalSection(ProjectConfigurationPlatforms) = postSolution
		{4F378218-7827-48D3-A01E-6D3DEF0666BC}.Debug|Any CPU.ActiveCfg = Debug|Any CPU
		{4F378218-7827-48D3-A01E-6D3DEF0666BC}.Debug|Any CPU.Build.0 = Debug|Any CPU
		{4F378218-7827-48D3-A01E-6D3DEF0666BC}.Release|Any CPU.ActiveCfg = Release|Any CPU
		{4F378218-7827-48D3-A01E-6D3DEF0666BC}.Release|Any CPU.Build.0 = Release|Any CPU
		{44D885FF-6412-48CC-A0F7-4C668DEE0C4C}.Debug|Any CPU.ActiveCfg = Debug|Any CPU
		{44D885FF-6412-48CC-A0F7-4C668DEE0C4C}.Debug|Any CPU.Build.0 = Debug|Any CPU
		{44D885FF-6412-48CC-A0F7-4C668DEE0C4C}.Release|Any CPU.ActiveCfg = Release|Any CPU
		{44D885FF-6412-48CC-A0F7-4C668DEE0C4C}.Release|Any CPU.Build.0 = Release|Any CPU
		{16964D74-DFBB-419F-9538-35F5E58466C0}.Debug|Any CPU.ActiveCfg = Debug|Any CPU
		{16964D74-DFBB-419F-9538-35F5E58466C0}.Debug|Any CPU.Build.0 = Debug|Any CPU
		{16964D74-DFBB-419F-9538-35F5E58466C0}.Release|Any CPU.ActiveCfg = Release|Any CPU
		{16964D74-DFBB-419F-9538-35F5E58466C0}.Release|Any CPU.Build.0 = Release|Any CPU
	EndGlobalSection
	GlobalSection(SolutionProperties) = preSolution
		HideSolutionNode = FALSE
	EndGlobalSection
EndGlobal
